
Microsoft Visual Studio Solution File, Format Version 12.00
# Visual Studio Version 17
VisualStudioVersion = 17.3.32922.545
MinimumVisualStudioVersion = 10.0.40219.1
Project("{FAE04EC0-301F-11D3-BF4B-00C04F79EFBC}") = "sptrans-api", "sptrans-api.csproj", "{65FC818F-7A3B-4DE9-82D3-CEF2E9147AB4}"
EndProject
Global
	GlobalSection(SolutionConfigurationPlatforms) = preSolution
		Debug|Any CPU = Debug|Any CPU
		Release|Any CPU = Release|Any CPU
	EndGlobalSection
	GlobalSection(ProjectConfigurationPlatforms) = postSolution
		{65FC818F-7A3B-4DE9-82D3-CEF2E9147AB4}.Debug|Any CPU.ActiveCfg = Debug|Any CPU
		{65FC818F-7A3B-4DE9-82D3-CEF2E9147AB4}.Debug|Any CPU.Build.0 = Debug|Any CPU
		{65FC818F-7A3B-4DE9-82D3-CEF2E9147AB4}.Release|Any CPU.ActiveCfg = Release|Any CPU
		{65FC818F-7A3B-4DE9-82D3-CEF2E9147AB4}.Release|Any CPU.Build.0 = Release|Any CPU
	EndGlobalSection
	GlobalSection(SolutionProperties) = preSolution
		HideSolutionNode = FALSE
	EndGlobalSection
	GlobalSection(ExtensibilityGlobals) = postSolution
		SolutionGuid = {0350DBF0-1463-4655-BE02-F0F2E4F9CA74}
	EndGlobalSection
EndGlobal
